// !$*UTF8*$!
{
	archiveVersion = 1;
	classes = {
	};
	objectVersion = 51;
	objects = {

/* Begin PBXBuildFile section */
		0E0C95D022C44570005B98F8 /* DetailsViewController.m in Sources */ = {isa = PBXBuildFile; fileRef = 0E0C95CF22C44570005B98F8 /* DetailsViewController.m */; };
		0E0C95D322C493C0005B98F8 /* MoviesGridViewController.m in Sources */ = {isa = PBXBuildFile; fileRef = 0E0C95D222C493C0005B98F8 /* MoviesGridViewController.m */; };
		0E0C95D622C496F7005B98F8 /* MovieCollectionCell.m in Sources */ = {isa = PBXBuildFile; fileRef = 0E0C95D522C496F7005B98F8 /* MovieCollectionCell.m */; };
		0E0C962222C6C36D005B98F8 /* WebKit.framework in Frameworks */ = {isa = PBXBuildFile; fileRef = 0E0C962122C6C36D005B98F8 /* WebKit.framework */; };
		0ED8BB9C22C3F3B3000662BB /* AppDelegate.m in Sources */ = {isa = PBXBuildFile; fileRef = 0ED8BB9B22C3F3B3000662BB /* AppDelegate.m */; };
		0ED8BBA222C3F3B3000662BB /* Main.storyboard in Resources */ = {isa = PBXBuildFile; fileRef = 0ED8BBA022C3F3B3000662BB /* Main.storyboard */; };
		0ED8BBA422C3F3B4000662BB /* Assets.xcassets in Resources */ = {isa = PBXBuildFile; fileRef = 0ED8BBA322C3F3B4000662BB /* Assets.xcassets */; };
		0ED8BBA722C3F3B4000662BB /* LaunchScreen.storyboard in Resources */ = {isa = PBXBuildFile; fileRef = 0ED8BBA522C3F3B4000662BB /* LaunchScreen.storyboard */; };
		0ED8BBAA22C3F3B4000662BB /* main.m in Sources */ = {isa = PBXBuildFile; fileRef = 0ED8BBA922C3F3B4000662BB /* main.m */; };
		0ED8BBB422C3F3B4000662BB /* FlixSterTests.m in Sources */ = {isa = PBXBuildFile; fileRef = 0ED8BBB322C3F3B4000662BB /* FlixSterTests.m */; };
		0ED8BBBF22C3F3B4000662BB /* FlixSterUITests.m in Sources */ = {isa = PBXBuildFile; fileRef = 0ED8BBBE22C3F3B4000662BB /* FlixSterUITests.m */; };
		0ED8BBCE22C400B5000662BB /* MoviesViewController.m in Sources */ = {isa = PBXBuildFile; fileRef = 0ED8BBCD22C400B5000662BB /* MoviesViewController.m */; };
		0ED8BBD422C42253000662BB /* MovieCell.m in Sources */ = {isa = PBXBuildFile; fileRef = 0ED8BBD322C42253000662BB /* MovieCell.m */; };
		77747760EC18751BE6EC83F3 /* Pods_FlixSterUITests.framework in Frameworks */ = {isa = PBXBuildFile; fileRef = 143A7EBF9EE4BD755B382766 /* Pods_FlixSterUITests.framework */; };
		83F76FA2A311974E97582B09 /* Pods_FlixSterTests.framework in Frameworks */ = {isa = PBXBuildFile; fileRef = EC2D3DFEF67ABC0D6CE37A8C /* Pods_FlixSterTests.framework */; };
		E1B59697E4CCE29D200B2A84 /* Pods_FlixSter.framework in Frameworks */ = {isa = PBXBuildFile; fileRef = 7B41467BDF6F59F5E379CC7D /* Pods_FlixSter.framework */; };
/* End PBXBuildFile section */

/* Begin PBXContainerItemProxy section */
		0ED8BBB022C3F3B4000662BB /* PBXContainerItemProxy */ = {
			isa = PBXContainerItemProxy;
			containerPortal = 0ED8BB8F22C3F3B3000662BB /* Project object */;
			proxyType = 1;
			remoteGlobalIDString = 0ED8BB9622C3F3B3000662BB;
			remoteInfo = FlixSter;
		};
		0ED8BBBB22C3F3B4000662BB /* PBXContainerItemProxy */ = {
			isa = PBXContainerItemProxy;
			containerPortal = 0ED8BB8F22C3F3B3000662BB /* Project object */;
			proxyType = 1;
			remoteGlobalIDString = 0ED8BB9622C3F3B3000662BB;
			remoteInfo = FlixSter;
		};
/* End PBXContainerItemProxy section */

/* Begin PBXFileReference section */
		03B3AFC6DA1987733F0616AB /* Pods-FlixSterUITests.release.xcconfig */ = {isa = PBXFileReference; includeInIndex = 1; lastKnownFileType = text.xcconfig; name = "Pods-FlixSterUITests.release.xcconfig"; path = "Target Support Files/Pods-FlixSterUITests/Pods-FlixSterUITests.release.xcconfig"; sourceTree = "<group>"; };
		0E0C95CE22C44570005B98F8 /* DetailsViewController.h */ = {isa = PBXFileReference; lastKnownFileType = sourcecode.c.h; path = DetailsViewController.h; sourceTree = "<group>"; };
		0E0C95CF22C44570005B98F8 /* DetailsViewController.m */ = {isa = PBXFileReference; lastKnownFileType = sourcecode.c.objc; path = DetailsViewController.m; sourceTree = "<group>"; };
		0E0C95D122C493C0005B98F8 /* MoviesGridViewController.h */ = {isa = PBXFileReference; lastKnownFileType = sourcecode.c.h; path = MoviesGridViewController.h; sourceTree = "<group>"; };
		0E0C95D222C493C0005B98F8 /* MoviesGridViewController.m */ = {isa = PBXFileReference; lastKnownFileType = sourcecode.c.objc; path = MoviesGridViewController.m; sourceTree = "<group>"; };
		0E0C95D422C496F7005B98F8 /* MovieCollectionCell.h */ = {isa = PBXFileReference; lastKnownFileType = sourcecode.c.h; path = MovieCollectionCell.h; sourceTree = "<group>"; };
		0E0C95D522C496F7005B98F8 /* MovieCollectionCell.m */ = {isa = PBXFileReference; lastKnownFileType = sourcecode.c.objc; path = MovieCollectionCell.m; sourceTree = "<group>"; };
		0E0C962122C6C36D005B98F8 /* WebKit.framework */ = {isa = PBXFileReference; lastKnownFileType = wrapper.framework; name = WebKit.framework; path = System/Library/Frameworks/WebKit.framework; sourceTree = SDKROOT; };
		0ED8BB9722C3F3B3000662BB /* FlixSter.app */ = {isa = PBXFileReference; explicitFileType = wrapper.application; includeInIndex = 0; path = FlixSter.app; sourceTree = BUILT_PRODUCTS_DIR; };
		0ED8BB9A22C3F3B3000662BB /* AppDelegate.h */ = {isa = PBXFileReference; lastKnownFileType = sourcecode.c.h; path = AppDelegate.h; sourceTree = "<group>"; };
		0ED8BB9B22C3F3B3000662BB /* AppDelegate.m */ = {isa = PBXFileReference; lastKnownFileType = sourcecode.c.objc; path = AppDelegate.m; sourceTree = "<group>"; };
		0ED8BBA122C3F3B3000662BB /* Base */ = {isa = PBXFileReference; lastKnownFileType = file.storyboard; name = Base; path = Base.lproj/Main.storyboard; sourceTree = "<group>"; };
		0ED8BBA322C3F3B4000662BB /* Assets.xcassets */ = {isa = PBXFileReference; lastKnownFileType = folder.assetcatalog; path = Assets.xcassets; sourceTree = "<group>"; };
		0ED8BBA622C3F3B4000662BB /* Base */ = {isa = PBXFileReference; lastKnownFileType = file.storyboard; name = Base; path = Base.lproj/LaunchScreen.storyboard; sourceTree = "<group>"; };
		0ED8BBA822C3F3B4000662BB /* Info.plist */ = {isa = PBXFileReference; lastKnownFileType = text.plist.xml; path = Info.plist; sourceTree = "<group>"; };
		0ED8BBA922C3F3B4000662BB /* main.m */ = {isa = PBXFileReference; lastKnownFileType = sourcecode.c.objc; path = main.m; sourceTree = "<group>"; };
		0ED8BBAF22C3F3B4000662BB /* FlixSterTests.xctest */ = {isa = PBXFileReference; explicitFileType = wrapper.cfbundle; includeInIndex = 0; path = FlixSterTests.xctest; sourceTree = BUILT_PRODUCTS_DIR; };
		0ED8BBB322C3F3B4000662BB /* FlixSterTests.m */ = {isa = PBXFileReference; lastKnownFileType = sourcecode.c.objc; path = FlixSterTests.m; sourceTree = "<group>"; };
		0ED8BBB522C3F3B4000662BB /* Info.plist */ = {isa = PBXFileReference; lastKnownFileType = text.plist.xml; path = Info.plist; sourceTree = "<group>"; };
		0ED8BBBA22C3F3B4000662BB /* FlixSterUITests.xctest */ = {isa = PBXFileReference; explicitFileType = wrapper.cfbundle; includeInIndex = 0; path = FlixSterUITests.xctest; sourceTree = BUILT_PRODUCTS_DIR; };
		0ED8BBBE22C3F3B4000662BB /* FlixSterUITests.m */ = {isa = PBXFileReference; lastKnownFileType = sourcecode.c.objc; path = FlixSterUITests.m; sourceTree = "<group>"; };
		0ED8BBC022C3F3B4000662BB /* Info.plist */ = {isa = PBXFileReference; lastKnownFileType = text.plist.xml; path = Info.plist; sourceTree = "<group>"; };
		0ED8BBCC22C400B5000662BB /* MoviesViewController.h */ = {isa = PBXFileReference; lastKnownFileType = sourcecode.c.h; name = MoviesViewController.h; path = "FlixSter/View controllers/MoviesViewController.h"; sourceTree = SOURCE_ROOT; };
		0ED8BBCD22C400B5000662BB /* MoviesViewController.m */ = {isa = PBXFileReference; lastKnownFileType = sourcecode.c.objc; name = MoviesViewController.m; path = "FlixSter/View controllers/MoviesViewController.m"; sourceTree = SOURCE_ROOT; };
		0ED8BBD222C42253000662BB /* MovieCell.h */ = {isa = PBXFileReference; lastKnownFileType = sourcecode.c.h; path = MovieCell.h; sourceTree = "<group>"; };
		0ED8BBD322C42253000662BB /* MovieCell.m */ = {isa = PBXFileReference; lastKnownFileType = sourcecode.c.objc; path = MovieCell.m; sourceTree = "<group>"; };
		143A7EBF9EE4BD755B382766 /* Pods_FlixSterUITests.framework */ = {isa = PBXFileReference; explicitFileType = wrapper.framework; includeInIndex = 0; path = Pods_FlixSterUITests.framework; sourceTree = BUILT_PRODUCTS_DIR; };
		1EB9C16B43B1D5D89EBDFF16 /* Pods-FlixSter.release.xcconfig */ = {isa = PBXFileReference; includeInIndex = 1; lastKnownFileType = text.xcconfig; name = "Pods-FlixSter.release.xcconfig"; path = "Target Support Files/Pods-FlixSter/Pods-FlixSter.release.xcconfig"; sourceTree = "<group>"; };
		1FC1C31322AB59BCE6ABECD4 /* Pods-FlixSterTests.release.xcconfig */ = {isa = PBXFileReference; includeInIndex = 1; lastKnownFileType = text.xcconfig; name = "Pods-FlixSterTests.release.xcconfig"; path = "Target Support Files/Pods-FlixSterTests/Pods-FlixSterTests.release.xcconfig"; sourceTree = "<group>"; };
		2C9CEE06E1A8A003D12A8F03 /* Pods-FlixSterTests.debug.xcconfig */ = {isa = PBXFileReference; includeInIndex = 1; lastKnownFileType = text.xcconfig; name = "Pods-FlixSterTests.debug.xcconfig"; path = "Target Support Files/Pods-FlixSterTests/Pods-FlixSterTests.debug.xcconfig"; sourceTree = "<group>"; };
		55AF07E3BF8F0D623F881879 /* Pods-FlixSter.debug.xcconfig */ = {isa = PBXFileReference; includeInIndex = 1; lastKnownFileType = text.xcconfig; name = "Pods-FlixSter.debug.xcconfig"; path = "Target Support Files/Pods-FlixSter/Pods-FlixSter.debug.xcconfig"; sourceTree = "<group>"; };
		7B41467BDF6F59F5E379CC7D /* Pods_FlixSter.framework */ = {isa = PBXFileReference; explicitFileType = wrapper.framework; includeInIndex = 0; path = Pods_FlixSter.framework; sourceTree = BUILT_PRODUCTS_DIR; };
		8FB0EE0FCF00FF0D768CFA01 /* Pods-FlixSterUITests.debug.xcconfig */ = {isa = PBXFileReference; includeInIndex = 1; lastKnownFileType = text.xcconfig; name = "Pods-FlixSterUITests.debug.xcconfig"; path = "Target Support Files/Pods-FlixSterUITests/Pods-FlixSterUITests.debug.xcconfig"; sourceTree = "<group>"; };
		EC2D3DFEF67ABC0D6CE37A8C /* Pods_FlixSterTests.framework */ = {isa = PBXFileReference; explicitFileType = wrapper.framework; includeInIndex = 0; path = Pods_FlixSterTests.framework; sourceTree = BUILT_PRODUCTS_DIR; };
/* End PBXFileReference section */

/* Begin PBXFrameworksBuildPhase section */
		0ED8BB9422C3F3B3000662BB /* Frameworks */ = {
			isa = PBXFrameworksBuildPhase;
			buildActionMask = 2147483647;
			files = (
				0E0C962222C6C36D005B98F8 /* WebKit.framework in Frameworks */,
				E1B59697E4CCE29D200B2A84 /* Pods_FlixSter.framework in Frameworks */,
			);
			runOnlyForDeploymentPostprocessing = 0;
		};
		0ED8BBAC22C3F3B4000662BB /* Frameworks */ = {
			isa = PBXFrameworksBuildPhase;
			buildActionMask = 2147483647;
			files = (
				83F76FA2A311974E97582B09 /* Pods_FlixSterTests.framework in Frameworks */,
			);
			runOnlyForDeploymentPostprocessing = 0;
		};
		0ED8BBB722C3F3B4000662BB /* Frameworks */ = {
			isa = PBXFrameworksBuildPhase;
			buildActionMask = 2147483647;
			files = (
				77747760EC18751BE6EC83F3 /* Pods_FlixSterUITests.framework in Frameworks */,
			);
			runOnlyForDeploymentPostprocessing = 0;
		};
/* End PBXFrameworksBuildPhase section */

/* Begin PBXGroup section */
		0ED8BB8E22C3F3B3000662BB = {
			isa = PBXGroup;
			children = (
				0ED8BB9922C3F3B3000662BB /* FlixSter */,
				0ED8BBB222C3F3B4000662BB /* FlixSterTests */,
				0ED8BBBD22C3F3B4000662BB /* FlixSterUITests */,
				0ED8BB9822C3F3B3000662BB /* Products */,
				5A430EB0BFBA39A340E3FB80 /* Pods */,
				924775BD375D4949B6BD5F2B /* Frameworks */,
			);
			sourceTree = "<group>";
		};
		0ED8BB9822C3F3B3000662BB /* Products */ = {
			isa = PBXGroup;
			children = (
				0ED8BB9722C3F3B3000662BB /* FlixSter.app */,
				0ED8BBAF22C3F3B4000662BB /* FlixSterTests.xctest */,
				0ED8BBBA22C3F3B4000662BB /* FlixSterUITests.xctest */,
			);
			name = Products;
			sourceTree = "<group>";
		};
		0ED8BB9922C3F3B3000662BB /* FlixSter */ = {
			isa = PBXGroup;
			children = (
				0ED8BBD122C40182000662BB /* View controllers */,
				0ED8BBD022C4017A000662BB /* Models */,
				0ED8BBCF22C40174000662BB /* Views */,
				0ED8BB9A22C3F3B3000662BB /* AppDelegate.h */,
				0ED8BB9B22C3F3B3000662BB /* AppDelegate.m */,
				0ED8BBA022C3F3B3000662BB /* Main.storyboard */,
				0ED8BBA322C3F3B4000662BB /* Assets.xcassets */,
				0ED8BBA522C3F3B4000662BB /* LaunchScreen.storyboard */,
				0ED8BBA822C3F3B4000662BB /* Info.plist */,
				0ED8BBA922C3F3B4000662BB /* main.m */,
			);
			path = FlixSter;
			sourceTree = "<group>";
		};
		0ED8BBB222C3F3B4000662BB /* FlixSterTests */ = {
			isa = PBXGroup;
			children = (
				0ED8BBB322C3F3B4000662BB /* FlixSterTests.m */,
				0ED8BBB522C3F3B4000662BB /* Info.plist */,
			);
			path = FlixSterTests;
			sourceTree = "<group>";
		};
		0ED8BBBD22C3F3B4000662BB /* FlixSterUITests */ = {
			isa = PBXGroup;
			children = (
				0ED8BBBE22C3F3B4000662BB /* FlixSterUITests.m */,
				0ED8BBC022C3F3B4000662BB /* Info.plist */,
			);
			path = FlixSterUITests;
			sourceTree = "<group>";
		};
		0ED8BBCF22C40174000662BB /* Views */ = {
			isa = PBXGroup;
			children = (
				0ED8BBD222C42253000662BB /* MovieCell.h */,
				0ED8BBD322C42253000662BB /* MovieCell.m */,
				0E0C95D422C496F7005B98F8 /* MovieCollectionCell.h */,
				0E0C95D522C496F7005B98F8 /* MovieCollectionCell.m */,
			);
			path = Views;
			sourceTree = "<group>";
		};
		0ED8BBD022C4017A000662BB /* Models */ = {
			isa = PBXGroup;
			children = (
			);
			path = Models;
			sourceTree = "<group>";
		};
		0ED8BBD122C40182000662BB /* View controllers */ = {
			isa = PBXGroup;
			children = (
				0ED8BBCC22C400B5000662BB /* MoviesViewController.h */,
				0ED8BBCD22C400B5000662BB /* MoviesViewController.m */,
				0E0C95CE22C44570005B98F8 /* DetailsViewController.h */,
				0E0C95CF22C44570005B98F8 /* DetailsViewController.m */,
				0E0C95D122C493C0005B98F8 /* MoviesGridViewController.h */,
				0E0C95D222C493C0005B98F8 /* MoviesGridViewController.m */,
			);
			path = "View controllers";
			sourceTree = "<group>";
		};
		5A430EB0BFBA39A340E3FB80 /* Pods */ = {
			isa = PBXGroup;
			children = (
				55AF07E3BF8F0D623F881879 /* Pods-FlixSter.debug.xcconfig */,
				1EB9C16B43B1D5D89EBDFF16 /* Pods-FlixSter.release.xcconfig */,
				2C9CEE06E1A8A003D12A8F03 /* Pods-FlixSterTests.debug.xcconfig */,
				1FC1C31322AB59BCE6ABECD4 /* Pods-FlixSterTests.release.xcconfig */,
				8FB0EE0FCF00FF0D768CFA01 /* Pods-FlixSterUITests.debug.xcconfig */,
				03B3AFC6DA1987733F0616AB /* Pods-FlixSterUITests.release.xcconfig */,
			);
			path = Pods;
			sourceTree = "<group>";
		};
		924775BD375D4949B6BD5F2B /* Frameworks */ = {
			isa = PBXGroup;
			children = (
				0E0C962122C6C36D005B98F8 /* WebKit.framework */,
				7B41467BDF6F59F5E379CC7D /* Pods_FlixSter.framework */,
				EC2D3DFEF67ABC0D6CE37A8C /* Pods_FlixSterTests.framework */,
				143A7EBF9EE4BD755B382766 /* Pods_FlixSterUITests.framework */,
			);
			name = Frameworks;
			sourceTree = "<group>";
		};
/* End PBXGroup section */

/* Begin PBXNativeTarget section */
		0ED8BB9622C3F3B3000662BB /* FlixSter */ = {
			isa = PBXNativeTarget;
			buildConfigurationList = 0ED8BBC322C3F3B4000662BB /* Build configuration list for PBXNativeTarget "FlixSter" */;
			buildPhases = (
				AADD14DBBF6909A4B6F78AE8 /* [CP] Check Pods Manifest.lock */,
				0ED8BB9322C3F3B3000662BB /* Sources */,
				0ED8BB9422C3F3B3000662BB /* Frameworks */,
				0ED8BB9522C3F3B3000662BB /* Resources */,
				AA213A04B5E393F7E37CC567 /* [CP] Embed Pods Frameworks */,
			);
			buildRules = (
			);
			dependencies = (
			);
			name = FlixSter;
			productName = FlixSter;
			productReference = 0ED8BB9722C3F3B3000662BB /* FlixSter.app */;
			productType = "com.apple.product-type.application";
		};
		0ED8BBAE22C3F3B4000662BB /* FlixSterTests */ = {
			isa = PBXNativeTarget;
			buildConfigurationList = 0ED8BBC622C3F3B4000662BB /* Build configuration list for PBXNativeTarget "FlixSterTests" */;
			buildPhases = (
				6B4198BFE230BEBDB579A131 /* [CP] Check Pods Manifest.lock */,
				0ED8BBAB22C3F3B4000662BB /* Sources */,
				0ED8BBAC22C3F3B4000662BB /* Frameworks */,
				0ED8BBAD22C3F3B4000662BB /* Resources */,
			);
			buildRules = (
			);
			dependencies = (
				0ED8BBB122C3F3B4000662BB /* PBXTargetDependency */,
			);
			name = FlixSterTests;
			productName = FlixSterTests;
			productReference = 0ED8BBAF22C3F3B4000662BB /* FlixSterTests.xctest */;
			productType = "com.apple.product-type.bundle.unit-test";
		};
		0ED8BBB922C3F3B4000662BB /* FlixSterUITests */ = {
			isa = PBXNativeTarget;
			buildConfigurationList = 0ED8BBC922C3F3B4000662BB /* Build configuration list for PBXNativeTarget "FlixSterUITests" */;
			buildPhases = (
				6563510CA5E53A7CEAF1EEA4 /* [CP] Check Pods Manifest.lock */,
				0ED8BBB622C3F3B4000662BB /* Sources */,
				0ED8BBB722C3F3B4000662BB /* Frameworks */,
				0ED8BBB822C3F3B4000662BB /* Resources */,
			);
			buildRules = (
			);
			dependencies = (
				0ED8BBBC22C3F3B4000662BB /* PBXTargetDependency */,
			);
			name = FlixSterUITests;
			productName = FlixSterUITests;
			productReference = 0ED8BBBA22C3F3B4000662BB /* FlixSterUITests.xctest */;
			productType = "com.apple.product-type.bundle.ui-testing";
		};
/* End PBXNativeTarget section */

/* Begin PBXProject section */
		0ED8BB8F22C3F3B3000662BB /* Project object */ = {
			isa = PBXProject;
			attributes = {
				LastUpgradeCheck = 1020;
				ORGANIZATIONNAME = codepath;
				TargetAttributes = {
					0ED8BB9622C3F3B3000662BB = {
						CreatedOnToolsVersion = 10.2.1;
					};
					0ED8BBAE22C3F3B4000662BB = {
						CreatedOnToolsVersion = 10.2.1;
						TestTargetID = 0ED8BB9622C3F3B3000662BB;
					};
					0ED8BBB922C3F3B4000662BB = {
						CreatedOnToolsVersion = 10.2.1;
						TestTargetID = 0ED8BB9622C3F3B3000662BB;
					};
				};
			};
			buildConfigurationList = 0ED8BB9222C3F3B3000662BB /* Build configuration list for PBXProject "FlixSter" */;
			compatibilityVersion = "Xcode 9.3";
			developmentRegion = en;
			hasScannedForEncodings = 0;
			knownRegions = (
				en,
				Base,
			);
			mainGroup = 0ED8BB8E22C3F3B3000662BB;
			productRefGroup = 0ED8BB9822C3F3B3000662BB /* Products */;
			projectDirPath = "";
			projectRoot = "";
			targets = (
				0ED8BB9622C3F3B3000662BB /* FlixSter */,
				0ED8BBAE22C3F3B4000662BB /* FlixSterTests */,
				0ED8BBB922C3F3B4000662BB /* FlixSterUITests */,
			);
		};
/* End PBXProject section */

/* Begin PBXResourcesBuildPhase section */
		0ED8BB9522C3F3B3000662BB /* Resources */ = {
			isa = PBXResourcesBuildPhase;
			buildActionMask = 2147483647;
			files = (
				0ED8BBA722C3F3B4000662BB /* LaunchScreen.storyboard in Resources */,
				0ED8BBA422C3F3B4000662BB /* Assets.xcassets in Resources */,
				0ED8BBA222C3F3B3000662BB /* Main.storyboard in Resources */,
			);
			runOnlyForDeploymentPostprocessing = 0;
		};
		0ED8BBAD22C3F3B4000662BB /* Resources */ = {
			isa = PBXResourcesBuildPhase;
			buildActionMask = 2147483647;
			files = (
			);
			runOnlyForDeploymentPostprocessing = 0;
		};
		0ED8BBB822C3F3B4000662BB /* Resources */ = {
			isa = PBXResourcesBuildPhase;
			buildActionMask = 2147483647;
			files = (
			);
			runOnlyForDeploymentPostprocessing = 0;
		};
/* End PBXResourcesBuildPhase section */

/* Begin PBXShellScriptBuildPhase section */
		6563510CA5E53A7CEAF1EEA4 /* [CP] Check Pods Manifest.lock */ = {
			isa = PBXShellScriptBuildPhase;
			buildActionMask = 2147483647;
			files = (
			);
			inputFileListPaths = (
			);
			inputPaths = (
				"${PODS_PODFILE_DIR_PATH}/Podfile.lock",
				"${PODS_ROOT}/Manifest.lock",
			);
			name = "[CP] Check Pods Manifest.lock";
			outputFileListPaths = (
			);
			outputPaths = (
				"$(DERIVED_FILE_DIR)/Pods-FlixSterUITests-checkManifestLockResult.txt",
			);
			runOnlyForDeploymentPostprocessing = 0;
			shellPath = /bin/sh;
			shellScript = "diff \"${PODS_PODFILE_DIR_PATH}/Podfile.lock\" \"${PODS_ROOT}/Manifest.lock\" > /dev/null\nif [ $? != 0 ] ; then\n    # print error to STDERR\n    echo \"error: The sandbox is not in sync with the Podfile.lock. Run 'pod install' or update your CocoaPods installation.\" >&2\n    exit 1\nfi\n# This output is used by Xcode 'outputs' to avoid re-running this script phase.\necho \"SUCCESS\" > \"${SCRIPT_OUTPUT_FILE_0}\"\n";
			showEnvVarsInLog = 0;
		};
		6B4198BFE230BEBDB579A131 /* [CP] Check Pods Manifest.lock */ = {
			isa = PBXShellScriptBuildPhase;
			buildActionMask = 2147483647;
			files = (
			);
			inputFileListPaths = (
			);
			inputPaths = (
				"${PODS_PODFILE_DIR_PATH}/Podfile.lock",
				"${PODS_ROOT}/Manifest.lock",
			);
			name = "[CP] Check Pods Manifest.lock";
			outputFileListPaths = (
			);
			outputPaths = (
				"$(DERIVED_FILE_DIR)/Pods-FlixSterTests-checkManifestLockResult.txt",
			);
			runOnlyForDeploymentPostprocessing = 0;
			shellPath = /bin/sh;
			shellScript = "diff \"${PODS_PODFILE_DIR_PATH}/Podfile.lock\" \"${PODS_ROOT}/Manifest.lock\" > /dev/null\nif [ $? != 0 ] ; then\n    # print error to STDERR\n    echo \"error: The sandbox is not in sync with the Podfile.lock. Run 'pod install' or update your CocoaPods installation.\" >&2\n    exit 1\nfi\n# This output is used by Xcode 'outputs' to avoid re-running this script phase.\necho \"SUCCESS\" > \"${SCRIPT_OUTPUT_FILE_0}\"\n";
			showEnvVarsInLog = 0;
		};
		AA213A04B5E393F7E37CC567 /* [CP] Embed Pods Frameworks */ = {
			isa = PBXShellScriptBuildPhase;
			buildActionMask = 2147483647;
			files = (
			);
			inputFileListPaths = (
				"${PODS_ROOT}/Target Support Files/Pods-FlixSter/Pods-FlixSter-frameworks-${CONFIGURATION}-input-files.xcfilelist",
			);
			name = "[CP] Embed Pods Frameworks";
			outputFileListPaths = (
				"${PODS_ROOT}/Target Support Files/Pods-FlixSter/Pods-FlixSter-frameworks-${CONFIGURATION}-output-files.xcfilelist",
			);
			runOnlyForDeploymentPostprocessing = 0;
			shellPath = /bin/sh;
			shellScript = "\"${PODS_ROOT}/Target Support Files/Pods-FlixSter/Pods-FlixSter-frameworks.sh\"\n";
			showEnvVarsInLog = 0;
		};
		AADD14DBBF6909A4B6F78AE8 /* [CP] Check Pods Manifest.lock */ = {
			isa = PBXShellScriptBuildPhase;
			buildActionMask = 2147483647;
			files = (
			);
			inputFileListPaths = (
			);
			inputPaths = (
				"${PODS_PODFILE_DIR_PATH}/Podfile.lock",
				"${PODS_ROOT}/Manifest.lock",
			);
			name = "[CP] Check Pods Manifest.lock";
			outputFileListPaths = (
			);
			outputPaths = (
				"$(DERIVED_FILE_DIR)/Pods-FlixSter-checkManifestLockResult.txt",
			);
			runOnlyForDeploymentPostprocessing = 0;
			shellPath = /bin/sh;
			shellScript = "diff \"${PODS_PODFILE_DIR_PATH}/Podfile.lock\" \"${PODS_ROOT}/Manifest.lock\" > /dev/null\nif [ $? != 0 ] ; then\n    # print error to STDERR\n    echo \"error: The sandbox is not in sync with the Podfile.lock. Run 'pod install' or update your CocoaPods installation.\" >&2\n    exit 1\nfi\n# This output is used by Xcode 'outputs' to avoid re-running this script phase.\necho \"SUCCESS\" > \"${SCRIPT_OUTPUT_FILE_0}\"\n";
			showEnvVarsInLog = 0;
		};
/* End PBXShellScriptBuildPhase section */

/* Begin PBXSourcesBuildPhase section */
		0ED8BB9322C3F3B3000662BB /* Sources */ = {
			isa = PBXSourcesBuildPhase;
			buildActionMask = 2147483647;
			files = (
				0ED8BBAA22C3F3B4000662BB /* main.m in Sources */,
				0E0C95D022C44570005B98F8 /* DetailsViewController.m in Sources */,
				0ED8BB9C22C3F3B3000662BB /* AppDelegate.m in Sources */,
				0E0C95D622C496F7005B98F8 /* MovieCollectionCell.m in Sources */,
				0ED8BBD422C42253000662BB /* MovieCell.m in Sources */,
				0ED8BBCE22C400B5000662BB /* MoviesViewController.m in Sources */,
				0E0C95D322C493C0005B98F8 /* MoviesGridViewController.m in Sources */,
			);
			runOnlyForDeploymentPostprocessing = 0;
		};
		0ED8BBAB22C3F3B4000662BB /* Sources */ = {
			isa = PBXSourcesBuildPhase;
			buildActionMask = 2147483647;
			files = (
				0ED8BBB422C3F3B4000662BB /* FlixSterTests.m in Sources */,
			);
			runOnlyForDeploymentPostprocessing = 0;
		};
		0ED8BBB622C3F3B4000662BB /* Sources */ = {
			isa = PBXSourcesBuildPhase;
			buildActionMask = 2147483647;
			files = (
				0ED8BBBF22C3F3B4000662BB /* FlixSterUITests.m in Sources */,
			);
			runOnlyForDeploymentPostprocessing = 0;
		};
/* End PBXSourcesBuildPhase section */

/* Begin PBXTargetDependency section */
		0ED8BBB122C3F3B4000662BB /* PBXTargetDependency */ = {
			isa = PBXTargetDependency;
			target = 0ED8BB9622C3F3B3000662BB /* FlixSter */;
			targetProxy = 0ED8BBB022C3F3B4000662BB /* PBXContainerItemProxy */;
		};
		0ED8BBBC22C3F3B4000662BB /* PBXTargetDependency */ = {
			isa = PBXTargetDependency;
			target = 0ED8BB9622C3F3B3000662BB /* FlixSter */;
			targetProxy = 0ED8BBBB22C3F3B4000662BB /* PBXContainerItemProxy */;
		};
/* End PBXTargetDependency section */

/* Begin PBXVariantGroup section */
		0ED8BBA022C3F3B3000662BB /* Main.storyboard */ = {
			isa = PBXVariantGroup;
			children = (
				0ED8BBA122C3F3B3000662BB /* Base */,
			);
			name = Main.storyboard;
			sourceTree = "<group>";
		};
		0ED8BBA522C3F3B4000662BB /* LaunchScreen.storyboard */ = {
			isa = PBXVariantGroup;
			children = (
				0ED8BBA622C3F3B4000662BB /* Base */,
			);
			name = LaunchScreen.storyboard;
			sourceTree = "<group>";
		};
/* End PBXVariantGroup section */

/* Begin XCBuildConfiguration section */
		0ED8BBC122C3F3B4000662BB /* Debug */ = {
			isa = XCBuildConfiguration;
			buildSettings = {
				ALWAYS_SEARCH_USER_PATHS = NO;
				CLANG_ANALYZER_NONNULL = YES;
				CLANG_ANALYZER_NUMBER_OBJECT_CONVERSION = YES_AGGRESSIVE;
				CLANG_CXX_LANGUAGE_STANDARD = "gnu++14";
				CLANG_CXX_LIBRARY = "libc++";
				CLANG_ENABLE_MODULES = YES;
				CLANG_ENABLE_OBJC_ARC = YES;
				CLANG_ENABLE_OBJC_WEAK = YES;
				CLANG_WARN_BLOCK_CAPTURE_AUTORELEASING = YES;
				CLANG_WARN_BOOL_CONVERSION = YES;
				CLANG_WARN_COMMA = YES;
				CLANG_WARN_CONSTANT_CONVERSION = YES;
				CLANG_WARN_DEPRECATED_OBJC_IMPLEMENTATIONS = YES;
				CLANG_WARN_DIRECT_OBJC_ISA_USAGE = YES_ERROR;
				CLANG_WARN_DOCUMENTATION_COMMENTS = YES;
				CLANG_WARN_EMPTY_BODY = YES;
				CLANG_WARN_ENUM_CONVERSION = YES;
				CLANG_WARN_INFINITE_RECURSION = YES;
				CLANG_WARN_INT_CONVERSION = YES;
				CLANG_WARN_NON_LITERAL_NULL_CONVERSION = YES;
				CLANG_WARN_OBJC_IMPLICIT_RETAIN_SELF = YES;
				CLANG_WARN_OBJC_LITERAL_CONVERSION = YES;
				CLANG_WARN_OBJC_ROOT_CLASS = YES_ERROR;
				CLANG_WARN_RANGE_LOOP_ANALYSIS = YES;
				CLANG_WARN_STRICT_PROTOTYPES = YES;
				CLANG_WARN_SUSPICIOUS_MOVE = YES;
				CLANG_WARN_UNGUARDED_AVAILABILITY = YES_AGGRESSIVE;
				CLANG_WARN_UNREACHABLE_CODE = YES;
				CLANG_WARN__DUPLICATE_METHOD_MATCH = YES;
				CODE_SIGN_IDENTITY = "iPhone Developer";
				COPY_PHASE_STRIP = NO;
				DEBUG_INFORMATION_FORMAT = dwarf;
				ENABLE_STRICT_OBJC_MSGSEND = YES;
				ENABLE_TESTABILITY = YES;
				GCC_C_LANGUAGE_STANDARD = gnu11;
				GCC_DYNAMIC_NO_PIC = NO;
				GCC_NO_COMMON_BLOCKS = YES;
				GCC_OPTIMIZATION_LEVEL = 0;
				GCC_PREPROCESSOR_DEFINITIONS = (
					"DEBUG=1",
					"$(inherited)",
				);
				GCC_WARN_64_TO_32_BIT_CONVERSION = YES;
				GCC_WARN_ABOUT_RETURN_TYPE = YES_ERROR;
				GCC_WARN_UNDECLARED_SELECTOR = YES;
				GCC_WARN_UNINITIALIZED_AUTOS = YES_AGGRESSIVE;
				GCC_WARN_UNUSED_FUNCTION = YES;
				GCC_WARN_UNUSED_VARIABLE = YES;
				IPHONEOS_DEPLOYMENT_TARGET = 12.2;
				MTL_ENABLE_DEBUG_INFO = INCLUDE_SOURCE;
				MTL_FAST_MATH = YES;
				ONLY_ACTIVE_ARCH = YES;
				SDKROOT = iphoneos;
			};
			name = Debug;
		};
		0ED8BBC222C3F3B4000662BB /* Release */ = {
			isa = XCBuildConfiguration;
			buildSettings = {
				ALWAYS_SEARCH_USER_PATHS = NO;
				CLANG_ANALYZER_NONNULL = YES;
				CLANG_ANALYZER_NUMBER_OBJECT_CONVERSION = YES_AGGRESSIVE;
				CLANG_CXX_LANGUAGE_STANDARD = "gnu++14";
				CLANG_CXX_LIBRARY = "libc++";
				CLANG_ENABLE_MODULES = YES;
				CLANG_ENABLE_OBJC_ARC = YES;
				CLANG_ENABLE_OBJC_WEAK = YES;
				CLANG_WARN_BLOCK_CAPTURE_AUTORELEASING = YES;
				CLANG_WARN_BOOL_CONVERSION = YES;
				CLANG_WARN_COMMA = YES;
				CLANG_WARN_CONSTANT_CONVERSION = YES;
				CLANG_WARN_DEPRECATED_OBJC_IMPLEMENTATIONS = YES;
				CLANG_WARN_DIRECT_OBJC_ISA_USAGE = YES_ERROR;
				CLANG_WARN_DOCUMENTATION_COMMENTS = YES;
				CLANG_WARN_EMPTY_BODY = YES;
				CLANG_WARN_ENUM_CONVERSION = YES;
				CLANG_WARN_INFINITE_RECURSION = YES;
				CLANG_WARN_INT_CONVERSION = YES;
				CLANG_WARN_NON_LITERAL_NULL_CONVERSION = YES;
				CLANG_WARN_OBJC_IMPLICIT_RETAIN_SELF = YES;
				CLANG_WARN_OBJC_LITERAL_CONVERSION = YES;
				CLANG_WARN_OBJC_ROOT_CLASS = YES_ERROR;
				CLANG_WARN_RANGE_LOOP_ANALYSIS = YES;
				CLANG_WARN_STRICT_PROTOTYPES = YES;
				CLANG_WARN_SUSPICIOUS_MOVE = YES;
				CLANG_WARN_UNGUARDED_AVAILABILITY = YES_AGGRESSIVE;
				CLANG_WARN_UNREACHABLE_CODE = YES;
				CLANG_WARN__DUPLICATE_METHOD_MATCH = YES;
				CODE_SIGN_IDENTITY = "iPhone Developer";
				COPY_PHASE_STRIP = NO;
				DEBUG_INFORMATION_FORMAT = "dwarf-with-dsym";
				ENABLE_NS_ASSERTIONS = NO;
				ENABLE_STRICT_OBJC_MSGSEND = YES;
				GCC_C_LANGUAGE_STANDARD = gnu11;
				GCC_NO_COMMON_BLOCKS = YES;
				GCC_WARN_64_TO_32_BIT_CONVERSION = YES;
				GCC_WARN_ABOUT_RETURN_TYPE = YES_ERROR;
				GCC_WARN_UNDECLARED_SELECTOR = YES;
				GCC_WARN_UNINITIALIZED_AUTOS = YES_AGGRESSIVE;
				GCC_WARN_UNUSED_FUNCTION = YES;
				GCC_WARN_UNUSED_VARIABLE = YES;
				IPHONEOS_DEPLOYMENT_TARGET = 12.2;
				MTL_ENABLE_DEBUG_INFO = NO;
				MTL_FAST_MATH = YES;
				SDKROOT = iphoneos;
				VALIDATE_PRODUCT = YES;
			};
			name = Release;
		};
		0ED8BBC422C3F3B4000662BB /* Debug */ = {
			isa = XCBuildConfiguration;
			baseConfigurationReference = 55AF07E3BF8F0D623F881879 /* Pods-FlixSter.debug.xcconfig */;
			buildSettings = {
				ASSETCATALOG_COMPILER_APPICON_NAME = AppIcon;
				CODE_SIGN_STYLE = Automatic;
				DEVELOPMENT_TEAM = 5UFVL3XXJ3;
				INFOPLIST_FILE = FlixSter/Info.plist;
				LD_RUNPATH_SEARCH_PATHS = (
					"$(inherited)",
					"@executable_path/Frameworks",
				);
				PRODUCT_BUNDLE_IDENTIFIER = "com.aadhyakocha-gmail.com.FlixSter";
				PRODUCT_NAME = "$(TARGET_NAME)";
				TARGETED_DEVICE_FAMILY = "1,2";
			};
			name = Debug;
		};
		0ED8BBC522C3F3B4000662BB /* Release */ = {
			isa = XCBuildConfiguration;
			baseConfigurationReference = 1EB9C16B43B1D5D89EBDFF16 /* Pods-FlixSter.release.xcconfig */;
			buildSettings = {
				ASSETCATALOG_COMPILER_APPICON_NAME = AppIcon;
				CODE_SIGN_STYLE = Automatic;
				DEVELOPMENT_TEAM = 5UFVL3XXJ3;
				INFOPLIST_FILE = FlixSter/Info.plist;
				LD_RUNPATH_SEARCH_PATHS = (
					"$(inherited)",
					"@executable_path/Frameworks",
				);
				PRODUCT_BUNDLE_IDENTIFIER = "com.aadhyakocha-gmail.com.FlixSter";
				PRODUCT_NAME = "$(TARGET_NAME)";
				TARGETED_DEVICE_FAMILY = "1,2";
			};
			name = Release;
		};
		0ED8BBC722C3F3B4000662BB /* Debug */ = {
			isa = XCBuildConfiguration;
			baseConfigurationReference = 2C9CEE06E1A8A003D12A8F03 /* Pods-FlixSterTests.debug.xcconfig */;
			buildSettings = {
				BUNDLE_LOADER = "$(TEST_HOST)";
				CODE_SIGN_STYLE = Automatic;
				INFOPLIST_FILE = FlixSterTests/Info.plist;
				LD_RUNPATH_SEARCH_PATHS = (
					"$(inherited)",
					"@executable_path/Frameworks",
					"@loader_path/Frameworks",
				);
				PRODUCT_BUNDLE_IDENTIFIER = "com.aadhyakocha-gmail.com.FlixSterTests";
				PRODUCT_NAME = "$(TARGET_NAME)";
				TARGETED_DEVICE_FAMILY = "1,2";
				TEST_HOST = "$(BUILT_PRODUCTS_DIR)/FlixSter.app/FlixSter";
			};
			name = Debug;
		};
		0ED8BBC822C3F3B4000662BB /* Release */ = {
			isa = XCBuildConfiguration;
			baseConfigurationReference = 1FC1C31322AB59BCE6ABECD4 /* Pods-FlixSterTests.release.xcconfig */;
			buildSettings = {
				BUNDLE_LOADER = "$(TEST_HOST)";
				CODE_SIGN_STYLE = Automatic;
				INFOPLIST_FILE = FlixSterTests/Info.plist;
				LD_RUNPATH_SEARCH_PATHS = (
					"$(inherited)",
					"@executable_path/Frameworks",
					"@loader_path/Frameworks",
				);
				PRODUCT_BUNDLE_IDENTIFIER = "com.aadhyakocha-gmail.com.FlixSterTests";
				PRODUCT_NAME = "$(TARGET_NAME)";
				TARGETED_DEVICE_FAMILY = "1,2";
				TEST_HOST = "$(BUILT_PRODUCTS_DIR)/FlixSter.app/FlixSter";
			};
			name = Release;
		};
		0ED8BBCA22C3F3B4000662BB /* Debug */ = {
			isa = XCBuildConfiguration;
			baseConfigurationReference = 8FB0EE0FCF00FF0D768CFA01 /* Pods-FlixSterUITests.debug.xcconfig */;
			buildSettings = {
				CODE_SIGN_STYLE = Automatic;
				INFOPLIST_FILE = FlixSterUITests/Info.plist;
				LD_RUNPATH_SEARCH_PATHS = (
					"$(inherited)",
					"@executable_path/Frameworks",
					"@loader_path/Frameworks",
				);
				PRODUCT_BUNDLE_IDENTIFIER = "com.aadhyakocha-gmail.com.FlixSterUITests";
				PRODUCT_NAME = "$(TARGET_NAME)";
				TARGETED_DEVICE_FAMILY = "1,2";
				TEST_TARGET_NAME = FlixSter;
			};
			name = Debug;
		};
		0ED8BBCB22C3F3B4000662BB /* Release */ = {
			isa = XCBuildConfiguration;
			baseConfigurationReference = 03B3AFC6DA1987733F0616AB /* Pods-FlixSterUITests.release.xcconfig */;
			buildSettings = {
				CODE_SIGN_STYLE = Automatic;
				INFOPLIST_FILE = FlixSterUITests/Info.plist;
				LD_RUNPATH_SEARCH_PATHS = (
					"$(inherited)",
					"@executable_path/Frameworks",
					"@loader_path/Frameworks",
				);
				PRODUCT_BUNDLE_IDENTIFIER = "com.aadhyakocha-gmail.com.FlixSterUITests";
				PRODUCT_NAME = "$(TARGET_NAME)";
				TARGETED_DEVICE_FAMILY = "1,2";
				TEST_TARGET_NAME = FlixSter;
			};
			name = Release;
		};
/* End XCBuildConfiguration section */

/* Begin XCConfigurationList section */
		0ED8BB9222C3F3B3000662BB /* Build configuration list for PBXProject "FlixSter" */ = {
			isa = XCConfigurationList;
			buildConfigurations = (
				0ED8BBC122C3F3B4000662BB /* Debug */,
				0ED8BBC222C3F3B4000662BB /* Release */,
			);
			defaultConfigurationIsVisible = 0;
			defaultConfigurationName = Release;
		};
		0ED8BBC322C3F3B4000662BB /* Build configuration list for PBXNativeTarget "FlixSter" */ = {
			isa = XCConfigurationList;
			buildConfigurations = (
				0ED8BBC422C3F3B4000662BB /* Debug */,
				0ED8BBC522C3F3B4000662BB /* Release */,
			);
			defaultConfigurationIsVisible = 0;
			defaultConfigurationName = Release;
		};
		0ED8BBC622C3F3B4000662BB /* Build configuration list for PBXNativeTarget "FlixSterTests" */ = {
			isa = XCConfigurationList;
			buildConfigurations = (
				0ED8BBC722C3F3B4000662BB /* Debug */,
				0ED8BBC822C3F3B4000662BB /* Release */,
			);
			defaultConfigurationIsVisible = 0;
			defaultConfigurationName = Release;
		};
		0ED8BBC922C3F3B4000662BB /* Build configuration list for PBXNativeTarget "FlixSterUITests" */ = {
			isa = XCConfigurationList;
			buildConfigurations = (
				0ED8BBCA22C3F3B4000662BB /* Debug */,
				0ED8BBCB22C3F3B4000662BB /* Release */,
			);
			defaultConfigurationIsVisible = 0;
			defaultConfigurationName = Release;
		};
/* End XCConfigurationList section */
	};
	rootObject = 0ED8BB8F22C3F3B3000662BB /* Project object */;
}
